
Microsoft Visual Studio Solution File, Format Version 12.00
# Visual Studio Version 17
VisualStudioVersion = 17.7.34009.444
MinimumVisualStudioVersion = 10.0.40219.1
Project("{FAE04EC0-301F-11D3-BF4B-00C04F79EFBC}") = "StockPortfolio", "StockPortfolio.csproj", "{69F855F1-DAB5-46B3-9438-832A16B7FB0F}"
EndProject
Global
	GlobalSection(SolutionConfigurationPlatforms) = preSolution
		Debug|Any CPU = Debug|Any CPU
		Release|Any CPU = Release|Any CPU
	EndGlobalSection
	GlobalSection(ProjectConfigurationPlatforms) = postSolution
		{69F855F1-DAB5-46B3-9438-832A16B7FB0F}.Debug|Any CPU.ActiveCfg = Debug|Any CPU
		{69F855F1-DAB5-46B3-9438-832A16B7FB0F}.Debug|Any CPU.Build.0 = Debug|Any CPU
		{69F855F1-DAB5-46B3-9438-832A16B7FB0F}.Release|Any CPU.ActiveCfg = Release|Any CPU
		{69F855F1-DAB5-46B3-9438-832A16B7FB0F}.Release|Any CPU.Build.0 = Release|Any CPU
	EndGlobalSection
	GlobalSection(SolutionProperties) = preSolution
		HideSolutionNode = FALSE
	EndGlobalSection
	GlobalSection(ExtensibilityGlobals) = postSolution
		SolutionGuid = {3C42E76D-EC3F-4FCA-ABE0-B5742DD71472}
	EndGlobalSection
EndGlobal
